
Microsoft Visual Studio Solution File, Format Version 12.00
# Visual Studio Version 16
VisualStudioVersion = 16.0.32510.428
MinimumVisualStudioVersion = 10.0.40219.1
Project("{FAE04EC0-301F-11D3-BF4B-00C04F79EFBC}") = "Assignment1(akshaya)", "Assignment1(akshaya)\Assignment1(akshaya).csproj", "{35FD14EA-8205-4D23-A5AE-FF4CB623C80F}"
EndProject
Global
	GlobalSection(SolutionConfigurationPlatforms) = preSolution
		Debug|Any CPU = Debug|Any CPU
		Release|Any CPU = Release|Any CPU
	EndGlobalSection
	GlobalSection(ProjectConfigurationPlatforms) = postSolution
		{35FD14EA-8205-4D23-A5AE-FF4CB623C80F}.Debug|Any CPU.ActiveCfg = Debug|Any CPU
		{35FD14EA-8205-4D23-A5AE-FF4CB623C80F}.Debug|Any CPU.Build.0 = Debug|Any CPU
		{35FD14EA-8205-4D23-A5AE-FF4CB623C80F}.Release|Any CPU.ActiveCfg = Release|Any CPU
		{35FD14EA-8205-4D23-A5AE-FF4CB623C80F}.Release|Any CPU.Build.0 = Release|Any CPU
	EndGlobalSection
	GlobalSection(SolutionProperties) = preSolution
		HideSolutionNode = FALSE
	EndGlobalSection
	GlobalSection(ExtensibilityGlobals) = postSolution
		SolutionGuid = {404BAA83-F12C-4573-A501-C7FA0B1BC1B4}
	EndGlobalSection
EndGlobal
