
Microsoft Visual Studio Solution File, Format Version 12.00
# Visual Studio Version 16
VisualStudioVersion = 16.0.32510.428
MinimumVisualStudioVersion = 10.0.40219.1
Project("{FAE04EC0-301F-11D3-BF4B-00C04F79EFBC}") = "StringPrograms.cs", "StringPrograms.cs.csproj", "{36174C61-AC74-4B13-9BD8-8A218AD60CDD}"
EndProject
Global
	GlobalSection(SolutionConfigurationPlatforms) = preSolution
		Debug|Any CPU = Debug|Any CPU
		Release|Any CPU = Release|Any CPU
	EndGlobalSection
	GlobalSection(ProjectConfigurationPlatforms) = postSolution
		{36174C61-AC74-4B13-9BD8-8A218AD60CDD}.Debug|Any CPU.ActiveCfg = Debug|Any CPU
		{36174C61-AC74-4B13-9BD8-8A218AD60CDD}.Debug|Any CPU.Build.0 = Debug|Any CPU
		{36174C61-AC74-4B13-9BD8-8A218AD60CDD}.Release|Any CPU.ActiveCfg = Release|Any CPU
		{36174C61-AC74-4B13-9BD8-8A218AD60CDD}.Release|Any CPU.Build.0 = Release|Any CPU
	EndGlobalSection
	GlobalSection(SolutionProperties) = preSolution
		HideSolutionNode = FALSE
	EndGlobalSection
	GlobalSection(ExtensibilityGlobals) = postSolution
		SolutionGuid = {64AEBF83-2CF4-4BDB-95E9-CDC28BE21330}
	EndGlobalSection
EndGlobal
