
Microsoft Visual Studio Solution File, Format Version 12.00
# Visual Studio Version 16
VisualStudioVersion = 16.0.32510.428
MinimumVisualStudioVersion = 10.0.40219.1
Project("{FAE04EC0-301F-11D3-BF4B-00C04F79EFBC}") = "Akshaya_Assessment2", "Akshaya_Assessment2.csproj", "{1FA0EF6F-B0AA-485E-9B49-919C43330CFE}"
EndProject
Global
	GlobalSection(SolutionConfigurationPlatforms) = preSolution
		Debug|Any CPU = Debug|Any CPU
		Release|Any CPU = Release|Any CPU
	EndGlobalSection
	GlobalSection(ProjectConfigurationPlatforms) = postSolution
		{1FA0EF6F-B0AA-485E-9B49-919C43330CFE}.Debug|Any CPU.ActiveCfg = Debug|Any CPU
		{1FA0EF6F-B0AA-485E-9B49-919C43330CFE}.Debug|Any CPU.Build.0 = Debug|Any CPU
		{1FA0EF6F-B0AA-485E-9B49-919C43330CFE}.Release|Any CPU.ActiveCfg = Release|Any CPU
		{1FA0EF6F-B0AA-485E-9B49-919C43330CFE}.Release|Any CPU.Build.0 = Release|Any CPU
	EndGlobalSection
	GlobalSection(SolutionProperties) = preSolution
		HideSolutionNode = FALSE
	EndGlobalSection
	GlobalSection(ExtensibilityGlobals) = postSolution
		SolutionGuid = {7A2362C9-C0B3-4E51-8B33-E494BE6FA390}
	EndGlobalSection
EndGlobal
